
Microsoft Visual Studio Solution File, Format Version 12.00
# Visual Studio Version 16
VisualStudioVersion = 16.0.29411.108
MinimumVisualStudioVersion = 10.0.40219.1
Project("{FAE04EC0-301F-11D3-BF4B-00C04F79EFBC}") = "notepad", "notepad\notepad.csproj", "{DB274E09-298D-4CFB-B883-82244A40478F}"
EndProject
Global
	GlobalSection(SolutionConfigurationPlatforms) = preSolution
		Debug|Any CPU = Debug|Any CPU
		Release|Any CPU = Release|Any CPU
	EndGlobalSection
	GlobalSection(ProjectConfigurationPlatforms) = postSolution
		{DB274E09-298D-4CFB-B883-82244A40478F}.Debug|Any CPU.ActiveCfg = Debug|Any CPU
		{DB274E09-298D-4CFB-B883-82244A40478F}.Debug|Any CPU.Build.0 = Debug|Any CPU
		{DB274E09-298D-4CFB-B883-82244A40478F}.Release|Any CPU.ActiveCfg = Release|Any CPU
		{DB274E09-298D-4CFB-B883-82244A40478F}.Release|Any CPU.Build.0 = Release|Any CPU
	EndGlobalSection
	GlobalSection(SolutionProperties) = preSolution
		HideSolutionNode = FALSE
	EndGlobalSection
	GlobalSection(ExtensibilityGlobals) = postSolution
		SolutionGuid = {FA3FF303-AB12-4CC4-9DFE-B7557AF23ED3}
	EndGlobalSection
EndGlobal
